
Microsoft Visual Studio Solution File, Format Version 12.00
# Visual Studio Version 17
VisualStudioVersion = 17.11.35327.3
MinimumVisualStudioVersion = 10.0.40219.1
Project("{FAE04EC0-301F-11D3-BF4B-00C04F79EFBC}") = "Quotes API", "ConsoleApp1\Quotes API.csproj", "{2E7E0791-6E0B-4616-A25A-3A723C7F8580}"
EndProject
Project("{FAE04EC0-301F-11D3-BF4B-00C04F79EFBC}") = "Web", "Web\Web.csproj", "{49E7C125-7EFE-42D1-8979-46A2D528775E}"
EndProject
Project("{FAE04EC0-301F-11D3-BF4B-00C04F79EFBC}") = "Books API", "Books API\Books API.csproj", "{2718E27C-7E0D-4772-BA61-6FD8366BFB1F}"
EndProject
Project("{FAE04EC0-301F-11D3-BF4B-00C04F79EFBC}") = "System info", "System info\System info.csproj", "{AC74BD4A-A7DB-4A3E-82C4-7123CAD9907A}"
EndProject
Project("{FAE04EC0-301F-11D3-BF4B-00C04F79EFBC}") = "Flipcards", "Flipcards\Flipcards.csproj", "{D9826B37-8736-46B1-8937-3E80131A331F}"
EndProject
Global
	GlobalSection(SolutionConfigurationPlatforms) = preSolution
		Debug|Any CPU = Debug|Any CPU
		Release|Any CPU = Release|Any CPU
	EndGlobalSection
	GlobalSection(ProjectConfigurationPlatforms) = postSolution
		{2E7E0791-6E0B-4616-A25A-3A723C7F8580}.Debug|Any CPU.ActiveCfg = Debug|Any CPU
		{2E7E0791-6E0B-4616-A25A-3A723C7F8580}.Debug|Any CPU.Build.0 = Debug|Any CPU
		{2E7E0791-6E0B-4616-A25A-3A723C7F8580}.Release|Any CPU.ActiveCfg = Release|Any CPU
		{2E7E0791-6E0B-4616-A25A-3A723C7F8580}.Release|Any CPU.Build.0 = Release|Any CPU
		{49E7C125-7EFE-42D1-8979-46A2D528775E}.Debug|Any CPU.ActiveCfg = Debug|Any CPU
		{49E7C125-7EFE-42D1-8979-46A2D528775E}.Debug|Any CPU.Build.0 = Debug|Any CPU
		{49E7C125-7EFE-42D1-8979-46A2D528775E}.Release|Any CPU.ActiveCfg = Release|Any CPU
		{49E7C125-7EFE-42D1-8979-46A2D528775E}.Release|Any CPU.Build.0 = Release|Any CPU
		{2718E27C-7E0D-4772-BA61-6FD8366BFB1F}.Debug|Any CPU.ActiveCfg = Debug|Any CPU
		{2718E27C-7E0D-4772-BA61-6FD8366BFB1F}.Debug|Any CPU.Build.0 = Debug|Any CPU
		{2718E27C-7E0D-4772-BA61-6FD8366BFB1F}.Release|Any CPU.ActiveCfg = Release|Any CPU
		{2718E27C-7E0D-4772-BA61-6FD8366BFB1F}.Release|Any CPU.Build.0 = Release|Any CPU
		{AC74BD4A-A7DB-4A3E-82C4-7123CAD9907A}.Debug|Any CPU.ActiveCfg = Debug|Any CPU
		{AC74BD4A-A7DB-4A3E-82C4-7123CAD9907A}.Debug|Any CPU.Build.0 = Debug|Any CPU
		{AC74BD4A-A7DB-4A3E-82C4-7123CAD9907A}.Release|Any CPU.ActiveCfg = Release|Any CPU
		{AC74BD4A-A7DB-4A3E-82C4-7123CAD9907A}.Release|Any CPU.Build.0 = Release|Any CPU
		{D9826B37-8736-46B1-8937-3E80131A331F}.Debug|Any CPU.ActiveCfg = Debug|Any CPU
		{D9826B37-8736-46B1-8937-3E80131A331F}.Debug|Any CPU.Build.0 = Debug|Any CPU
		{D9826B37-8736-46B1-8937-3E80131A331F}.Release|Any CPU.ActiveCfg = Release|Any CPU
		{D9826B37-8736-46B1-8937-3E80131A331F}.Release|Any CPU.Build.0 = Release|Any CPU
	EndGlobalSection
	GlobalSection(SolutionProperties) = preSolution
		HideSolutionNode = FALSE
	EndGlobalSection
	GlobalSection(ExtensibilityGlobals) = postSolution
		SolutionGuid = {5289DCEE-1C5B-4C3E-85B8-585B18F54184}
	EndGlobalSection
EndGlobal
